{
  "name": "mandarin2",
  "version": "2.0.1",
  "lockfileVersion": 1,
  "requires": true,
  "dependencies": {
    "angular": {
      "version": "1.8.0",
      "resolved": "https://registry.npmjs.org/angular/-/angular-1.8.0.tgz",
      "integrity": "sha512-VdaMx+Qk0Skla7B5gw77a8hzlcOakwF8mjlW13DpIWIDlfqwAbSSLfd8N/qZnzEmQF4jC4iofInd3gE7vL8ZZg=="
    },
    "angular-animate": {
      "version": "1.8.0",
      "resolved": "https://registry.npmjs.org/angular-animate/-/angular-animate-1.8.0.tgz",
      "integrity": "sha512-ROFK3UIn1MSVpqAlay15ZxjPmVbvwaO3Zn/2vhmQdYeqxSbUVuOckcvtDLBpHPGPtOAreu35qfV7NQ7u2EgDcA=="
    },
    "angular-resource": {
      "version": "1.8.0",
      "resolved": "https://registry.npmjs.org/angular-resource/-/angular-resource-1.8.0.tgz",
      "integrity": "sha512-9woUq3kDwoT7R6SjKX8vaJMhOplYBm9sqRAxKgDhDIdPyA8iBowqQIusf9+8Q+z/HlXb8ZXvKspJyKXrxmKdvg=="
    },
    "angular-route": {
      "version": "1.8.0",
      "resolved": "https://registry.npmjs.org/angular-route/-/angular-route-1.8.0.tgz",
      "integrity": "sha512-ORvXAdVfCCA6XFwyjSkVQFFGufj0mNGiCvBR93Qsii8+7t/6Ioy6wheUoCj1x4NWUv7hAq3nYYGCVO6QEKb1BQ=="
    },
    "bootstrap": {
      "version": "3.4.1",
      "resolved": "https://registry.npmjs.org/bootstrap/-/bootstrap-3.4.1.tgz",
      "integrity": "sha512-yN5oZVmRCwe5aKwzRj6736nSmKDX7pLYwsXiCj/EYmo16hODaBiT4En5btW/jhBF/seV+XMx3aYwukYC3A49DA=="
    },
    "jquery": {
      "version": "3.5.1",
      "resolved": "https://registry.npmjs.org/jquery/-/jquery-3.5.1.tgz",
      "integrity": "sha512-XwIBPqcMn57FxfT+Go5pzySnm4KWkT1Tv7gjrpT1srtf8Weynl6R273VJ5GjkRb51IzMp5nbaPjJXMWeju2MKg=="
    }
  }
}
